
Microsoft Visual Studio Solution File, Format Version 12.00
# Visual Studio Version 17
VisualStudioVersion = 17.11.35222.181
MinimumVisualStudioVersion = 10.0.40219.1
Project("{FAE04EC0-301F-11D3-BF4B-00C04F79EFBC}") = "ConsoleAppLivres", "ConsoleAppLivres.csproj", "{51AE98EC-3269-4502-B0AC-A252077EE227}"
EndProject
Global
	GlobalSection(SolutionConfigurationPlatforms) = preSolution
		Debug|Any CPU = Debug|Any CPU
		Release|Any CPU = Release|Any CPU
	EndGlobalSection
	GlobalSection(ProjectConfigurationPlatforms) = postSolution
		{51AE98EC-3269-4502-B0AC-A252077EE227}.Debug|Any CPU.ActiveCfg = Debug|Any CPU
		{51AE98EC-3269-4502-B0AC-A252077EE227}.Debug|Any CPU.Build.0 = Debug|Any CPU
		{51AE98EC-3269-4502-B0AC-A252077EE227}.Release|Any CPU.ActiveCfg = Release|Any CPU
		{51AE98EC-3269-4502-B0AC-A252077EE227}.Release|Any CPU.Build.0 = Release|Any CPU
	EndGlobalSection
	GlobalSection(SolutionProperties) = preSolution
		HideSolutionNode = FALSE
	EndGlobalSection
	GlobalSection(ExtensibilityGlobals) = postSolution
		SolutionGuid = {3F26F866-344E-45E2-A8DB-BFCBEA712359}
	EndGlobalSection
EndGlobal
